
Microsoft Visual Studio Solution File, Format Version 12.00
# Visual Studio Version 16
VisualStudioVersion = 16.0.32630.194
MinimumVisualStudioVersion = 10.0.40219.1
Project("{FAE04EC0-301F-11D3-BF4B-00C04F79EFBC}") = "EmployeeProfile", "EmployeeProfile\EmployeeProfile.csproj", "{B3AF6BE9-94C9-4C34-90DE-29A696FB0910}"
EndProject
Project("{2150E333-8FDC-42A3-9474-1A3956D46DE8}") = "Solution Items", "Solution Items", "{4CC31ADC-AA58-44B1-934C-D23216496400}"
	ProjectSection(SolutionItems) = preProject
		.editorconfig = .editorconfig
	EndProjectSection
EndProject
Global
	GlobalSection(SolutionConfigurationPlatforms) = preSolution
		Debug|Any CPU = Debug|Any CPU
		Release|Any CPU = Release|Any CPU
	EndGlobalSection
	GlobalSection(ProjectConfigurationPlatforms) = postSolution
		{B3AF6BE9-94C9-4C34-90DE-29A696FB0910}.Debug|Any CPU.ActiveCfg = Debug|Any CPU
		{B3AF6BE9-94C9-4C34-90DE-29A696FB0910}.Debug|Any CPU.Build.0 = Debug|Any CPU
		{B3AF6BE9-94C9-4C34-90DE-29A696FB0910}.Release|Any CPU.ActiveCfg = Release|Any CPU
		{B3AF6BE9-94C9-4C34-90DE-29A696FB0910}.Release|Any CPU.Build.0 = Release|Any CPU
	EndGlobalSection
	GlobalSection(SolutionProperties) = preSolution
		HideSolutionNode = FALSE
	EndGlobalSection
	GlobalSection(ExtensibilityGlobals) = postSolution
		SolutionGuid = {E4CED2CA-EEEC-4ADE-855B-B1B5B3CE7C54}
	EndGlobalSection
EndGlobal
